
Microsoft Visual Studio Solution File, Format Version 12.00
# Visual Studio 15
VisualStudioVersion = 15.0.28010.2003
MinimumVisualStudioVersion = 10.0.40219.1
Project("{9A19103F-16F7-4668-BE54-9A1E7A4F7556}") = "Cqrs.Simple", "src\Cqrs.Simple\Cqrs.Simple.csproj", "{4D26BAB0-ECA4-468F-9A02-573B2A01A5C2}"
EndProject
Project("{9A19103F-16F7-4668-BE54-9A1E7A4F7556}") = "Cqrs.Simple.Tests", "Cqrs.Simple.Tests\Cqrs.Simple.Tests.csproj", "{CAAB03BC-A3F4-40F7-8293-F63F623D0A59}"
EndProject
Project("{FAE04EC0-301F-11D3-BF4B-00C04F79EFBC}") = "Cqrs.Simple.Castle", "Cqrs.Simple.Castle\Cqrs.Simple.Castle.csproj", "{D93727A1-C1CB-4D3B-93D8-D6254D77D6A5}"
EndProject
Project("{FAE04EC0-301F-11D3-BF4B-00C04F79EFBC}") = "Cqrs.Simple.MicrosoftDI", "Cqrs.Simple.MicrosoftDI\Cqrs.Simple.MicrosoftDI.csproj", "{67F32322-C97D-4668-B448-393882D6F6CA}"
EndProject
Global
	GlobalSection(SolutionConfigurationPlatforms) = preSolution
		Debug|Any CPU = Debug|Any CPU
		Release|Any CPU = Release|Any CPU
	EndGlobalSection
	GlobalSection(ProjectConfigurationPlatforms) = postSolution
		{4D26BAB0-ECA4-468F-9A02-573B2A01A5C2}.Debug|Any CPU.ActiveCfg = Debug|Any CPU
		{4D26BAB0-ECA4-468F-9A02-573B2A01A5C2}.Debug|Any CPU.Build.0 = Debug|Any CPU
		{4D26BAB0-ECA4-468F-9A02-573B2A01A5C2}.Release|Any CPU.ActiveCfg = Release|Any CPU
		{4D26BAB0-ECA4-468F-9A02-573B2A01A5C2}.Release|Any CPU.Build.0 = Release|Any CPU
		{CAAB03BC-A3F4-40F7-8293-F63F623D0A59}.Debug|Any CPU.ActiveCfg = Debug|Any CPU
		{CAAB03BC-A3F4-40F7-8293-F63F623D0A59}.Debug|Any CPU.Build.0 = Debug|Any CPU
		{CAAB03BC-A3F4-40F7-8293-F63F623D0A59}.Release|Any CPU.ActiveCfg = Release|Any CPU
		{CAAB03BC-A3F4-40F7-8293-F63F623D0A59}.Release|Any CPU.Build.0 = Release|Any CPU
		{D93727A1-C1CB-4D3B-93D8-D6254D77D6A5}.Debug|Any CPU.ActiveCfg = Debug|Any CPU
		{D93727A1-C1CB-4D3B-93D8-D6254D77D6A5}.Debug|Any CPU.Build.0 = Debug|Any CPU
		{D93727A1-C1CB-4D3B-93D8-D6254D77D6A5}.Release|Any CPU.ActiveCfg = Release|Any CPU
		{D93727A1-C1CB-4D3B-93D8-D6254D77D6A5}.Release|Any CPU.Build.0 = Release|Any CPU
		{67F32322-C97D-4668-B448-393882D6F6CA}.Debug|Any CPU.ActiveCfg = Debug|Any CPU
		{67F32322-C97D-4668-B448-393882D6F6CA}.Debug|Any CPU.Build.0 = Debug|Any CPU
		{67F32322-C97D-4668-B448-393882D6F6CA}.Release|Any CPU.ActiveCfg = Release|Any CPU
		{67F32322-C97D-4668-B448-393882D6F6CA}.Release|Any CPU.Build.0 = Release|Any CPU
	EndGlobalSection
	GlobalSection(SolutionProperties) = preSolution
		HideSolutionNode = FALSE
	EndGlobalSection
	GlobalSection(ExtensibilityGlobals) = postSolution
		SolutionGuid = {9568FD43-A7B4-41B7-B8DC-DFB6D9520CD7}
	EndGlobalSection
EndGlobal
